
Microsoft Visual Studio Solution File, Format Version 12.00
# Visual Studio Version 17
VisualStudioVersion = 17.9.34723.18
MinimumVisualStudioVersion = 10.0.40219.1
Project("{FAE04EC0-301F-11D3-BF4B-00C04F79EFBC}") = "ReversedNumbers", "LabDataTypesVariablesandSimpleCalculations\ReversedNumbers.csproj", "{2A37CD40-CC7B-458E-891B-F2741495BA84}"
EndProject
Project("{FAE04EC0-301F-11D3-BF4B-00C04F79EFBC}") = "CenturiestoMinutes", "CenturiestoMinutes\CenturiestoMinutes.csproj", "{DD45788D-4824-4A8A-AC1E-0E0D7E82B5DE}"
EndProject
Project("{FAE04EC0-301F-11D3-BF4B-00C04F79EFBC}") = "Redecorating", "Redecorating\Redecorating.csproj", "{5478A18F-406F-4E82-B6CD-E4C10482752C}"
EndProject
Project("{FAE04EC0-301F-11D3-BF4B-00C04F79EFBC}") = "FoodDelivery", "FoodDelivery\FoodDelivery.csproj", "{C945BEB7-61E2-4D18-AA94-3F780B877477}"
EndProject
Project("{FAE04EC0-301F-11D3-BF4B-00C04F79EFBC}") = "Basketballequipment", "Basketballequipment\Basketballequipment.csproj", "{4466B7E4-85A3-441E-A7D3-683AC29C562F}"
EndProject
Project("{FAE04EC0-301F-11D3-BF4B-00C04F79EFBC}") = "Aquarium", "Aquarium\Aquarium.csproj", "{BCB832F5-C094-4BCC-B3E8-49C3DE82A14C}"
EndProject
Global
	GlobalSection(SolutionConfigurationPlatforms) = preSolution
		Debug|Any CPU = Debug|Any CPU
		Release|Any CPU = Release|Any CPU
	EndGlobalSection
	GlobalSection(ProjectConfigurationPlatforms) = postSolution
		{2A37CD40-CC7B-458E-891B-F2741495BA84}.Debug|Any CPU.ActiveCfg = Debug|Any CPU
		{2A37CD40-CC7B-458E-891B-F2741495BA84}.Debug|Any CPU.Build.0 = Debug|Any CPU
		{2A37CD40-CC7B-458E-891B-F2741495BA84}.Release|Any CPU.ActiveCfg = Release|Any CPU
		{2A37CD40-CC7B-458E-891B-F2741495BA84}.Release|Any CPU.Build.0 = Release|Any CPU
		{DD45788D-4824-4A8A-AC1E-0E0D7E82B5DE}.Debug|Any CPU.ActiveCfg = Debug|Any CPU
		{DD45788D-4824-4A8A-AC1E-0E0D7E82B5DE}.Debug|Any CPU.Build.0 = Debug|Any CPU
		{DD45788D-4824-4A8A-AC1E-0E0D7E82B5DE}.Release|Any CPU.ActiveCfg = Release|Any CPU
		{DD45788D-4824-4A8A-AC1E-0E0D7E82B5DE}.Release|Any CPU.Build.0 = Release|Any CPU
		{5478A18F-406F-4E82-B6CD-E4C10482752C}.Debug|Any CPU.ActiveCfg = Debug|Any CPU
		{5478A18F-406F-4E82-B6CD-E4C10482752C}.Debug|Any CPU.Build.0 = Debug|Any CPU
		{5478A18F-406F-4E82-B6CD-E4C10482752C}.Release|Any CPU.ActiveCfg = Release|Any CPU
		{5478A18F-406F-4E82-B6CD-E4C10482752C}.Release|Any CPU.Build.0 = Release|Any CPU
		{C945BEB7-61E2-4D18-AA94-3F780B877477}.Debug|Any CPU.ActiveCfg = Debug|Any CPU
		{C945BEB7-61E2-4D18-AA94-3F780B877477}.Debug|Any CPU.Build.0 = Debug|Any CPU
		{C945BEB7-61E2-4D18-AA94-3F780B877477}.Release|Any CPU.ActiveCfg = Release|Any CPU
		{C945BEB7-61E2-4D18-AA94-3F780B877477}.Release|Any CPU.Build.0 = Release|Any CPU
		{4466B7E4-85A3-441E-A7D3-683AC29C562F}.Debug|Any CPU.ActiveCfg = Debug|Any CPU
		{4466B7E4-85A3-441E-A7D3-683AC29C562F}.Debug|Any CPU.Build.0 = Debug|Any CPU
		{4466B7E4-85A3-441E-A7D3-683AC29C562F}.Release|Any CPU.ActiveCfg = Release|Any CPU
		{4466B7E4-85A3-441E-A7D3-683AC29C562F}.Release|Any CPU.Build.0 = Release|Any CPU
		{BCB832F5-C094-4BCC-B3E8-49C3DE82A14C}.Debug|Any CPU.ActiveCfg = Debug|Any CPU
		{BCB832F5-C094-4BCC-B3E8-49C3DE82A14C}.Debug|Any CPU.Build.0 = Debug|Any CPU
		{BCB832F5-C094-4BCC-B3E8-49C3DE82A14C}.Release|Any CPU.ActiveCfg = Release|Any CPU
		{BCB832F5-C094-4BCC-B3E8-49C3DE82A14C}.Release|Any CPU.Build.0 = Release|Any CPU
	EndGlobalSection
	GlobalSection(SolutionProperties) = preSolution
		HideSolutionNode = FALSE
	EndGlobalSection
	GlobalSection(ExtensibilityGlobals) = postSolution
		SolutionGuid = {E16369BC-3696-43AE-B830-959743C540AD}
	EndGlobalSection
EndGlobal
