
Microsoft Visual Studio Solution File, Format Version 12.00
# Visual Studio Version 17
VisualStudioVersion = 17.8.34330.188
MinimumVisualStudioVersion = 10.0.40219.1
Project("{FAE04EC0-301F-11D3-BF4B-00C04F79EFBC}") = "WorkshopAdvanced", "WorkshopAdvanced.csproj", "{F137691C-8C45-4610-B77F-36DEB287E1D0}"
EndProject
Global
	GlobalSection(SolutionConfigurationPlatforms) = preSolution
		Debug|Any CPU = Debug|Any CPU
		Release|Any CPU = Release|Any CPU
	EndGlobalSection
	GlobalSection(ProjectConfigurationPlatforms) = postSolution
		{F137691C-8C45-4610-B77F-36DEB287E1D0}.Debug|Any CPU.ActiveCfg = Debug|Any CPU
		{F137691C-8C45-4610-B77F-36DEB287E1D0}.Debug|Any CPU.Build.0 = Debug|Any CPU
		{F137691C-8C45-4610-B77F-36DEB287E1D0}.Release|Any CPU.ActiveCfg = Release|Any CPU
		{F137691C-8C45-4610-B77F-36DEB287E1D0}.Release|Any CPU.Build.0 = Release|Any CPU
	EndGlobalSection
	GlobalSection(SolutionProperties) = preSolution
		HideSolutionNode = FALSE
	EndGlobalSection
	GlobalSection(ExtensibilityGlobals) = postSolution
		SolutionGuid = {52917C75-50ED-462D-BA81-7CAEBDF58E21}
	EndGlobalSection
EndGlobal
